
Microsoft Visual Studio Solution File, Format Version 12.00
# Visual Studio Version 17
VisualStudioVersion = 17.1.32228.430
MinimumVisualStudioVersion = 10.0.40219.1
Project("{FAE04EC0-301F-11D3-BF4B-00C04F79EFBC}") = "Ejemplo", "Ejemplo\Ejemplo.csproj", "{DF61A7A6-89A5-487D-B6A6-510372319297}"
EndProject
Global
	GlobalSection(SolutionConfigurationPlatforms) = preSolution
		Debug|Any CPU = Debug|Any CPU
		Release|Any CPU = Release|Any CPU
	EndGlobalSection
	GlobalSection(ProjectConfigurationPlatforms) = postSolution
		{DF61A7A6-89A5-487D-B6A6-510372319297}.Debug|Any CPU.ActiveCfg = Debug|Any CPU
		{DF61A7A6-89A5-487D-B6A6-510372319297}.Debug|Any CPU.Build.0 = Debug|Any CPU
		{DF61A7A6-89A5-487D-B6A6-510372319297}.Release|Any CPU.ActiveCfg = Release|Any CPU
		{DF61A7A6-89A5-487D-B6A6-510372319297}.Release|Any CPU.Build.0 = Release|Any CPU
	EndGlobalSection
	GlobalSection(SolutionProperties) = preSolution
		HideSolutionNode = FALSE
	EndGlobalSection
	GlobalSection(ExtensibilityGlobals) = postSolution
		SolutionGuid = {62AB8AD8-E855-4486-B0AF-57140F11CC8F}
	EndGlobalSection
EndGlobal
